
Microsoft Visual Studio Solution File, Format Version 12.00
# Visual Studio Version 17
VisualStudioVersion = 17.7.34024.191
MinimumVisualStudioVersion = 10.0.40219.1
Project("{8BC9CEB8-8B4A-11D0-8D11-00A0C91BC942}") = "day01", "day01\day01.vcxproj", "{97D08B68-114D-4DD7-BEC7-F1FA04C02DAC}"
EndProject
Project("{8BC9CEB8-8B4A-11D0-8D11-00A0C91BC942}") = "day02", "day02\day02.vcxproj", "{598144E7-7429-4453-9793-FD258DAA65A2}"
EndProject
Project("{8BC9CEB8-8B4A-11D0-8D11-00A0C91BC942}") = "day03", "day03\day03.vcxproj", "{D6D571CC-D549-40C3-985D-C2B2506BA187}"
EndProject
Project("{8BC9CEB8-8B4A-11D0-8D11-00A0C91BC942}") = "day04", "day04\day04.vcxproj", "{3776E065-C0C3-440F-8263-19A939733071}"
EndProject
Project("{8BC9CEB8-8B4A-11D0-8D11-00A0C91BC942}") = "day19", "day19\day19.vcxproj", "{A000EE5A-EE96-478E-A6E1-525977D88E2A}"
EndProject
Project("{8BC9CEB8-8B4A-11D0-8D11-00A0C91BC942}") = "day05", "day05\day05.vcxproj", "{B1632FC7-0675-4185-90B8-441D6E744B23}"
EndProject
Project("{8BC9CEB8-8B4A-11D0-8D11-00A0C91BC942}") = "day06", "day06\day06.vcxproj", "{BFB1D7BF-B8AB-4908-8E43-97A85B9A119E}"
EndProject
Project("{8BC9CEB8-8B4A-11D0-8D11-00A0C91BC942}") = "day07", "day07\day07.vcxproj", "{DA5B6781-C601-41F0-A031-6A2994553F95}"
EndProject
Project("{8BC9CEB8-8B4A-11D0-8D11-00A0C91BC942}") = "day08", "day08\day08.vcxproj", "{4D7BFA9E-8D19-440A-9C7E-3E4F8650421A}"
EndProject
Project("{8BC9CEB8-8B4A-11D0-8D11-00A0C91BC942}") = "day09", "day09\day09.vcxproj", "{5A2B24CE-46EC-4FAB-8C9E-1C79D56C9FC9}"
EndProject
Project("{8BC9CEB8-8B4A-11D0-8D11-00A0C91BC942}") = "day10", "day10\day10.vcxproj", "{80B2AE72-28D2-4611-AC82-C4C4C5653920}"
EndProject
Project("{8BC9CEB8-8B4A-11D0-8D11-00A0C91BC942}") = "day11", "day11\day11.vcxproj", "{3EA20189-AF5E-4EE1-B24D-BBC2F2496B81}"
EndProject
Project("{8BC9CEB8-8B4A-11D0-8D11-00A0C91BC942}") = "day12", "day12\day12.vcxproj", "{54675FEF-AFF2-4641-9D5B-92722D561287}"
EndProject
Project("{8BC9CEB8-8B4A-11D0-8D11-00A0C91BC942}") = "day13", "day13\day13.vcxproj", "{5B99F5D3-D3C2-4111-88C3-98B953383B43}"
EndProject
Project("{8BC9CEB8-8B4A-11D0-8D11-00A0C91BC942}") = "day14", "day14\day14.vcxproj", "{A0073712-C02F-4FB6-8450-AAC79F2901BA}"
EndProject
Project("{8BC9CEB8-8B4A-11D0-8D11-00A0C91BC942}") = "day15", "day15\day15.vcxproj", "{E059E7E4-D837-443E-8119-D36F7303E099}"
EndProject
Project("{8BC9CEB8-8B4A-11D0-8D11-00A0C91BC942}") = "day16", "day16\day16.vcxproj", "{AE0E36CC-2BFA-4D8F-9BCD-5972AD4222D2}"
EndProject
Project("{8BC9CEB8-8B4A-11D0-8D11-00A0C91BC942}") = "day17", "day17\day17.vcxproj", "{50193455-AF51-4A89-9B9E-0A431B3E0A2D}"
EndProject
Project("{8BC9CEB8-8B4A-11D0-8D11-00A0C91BC942}") = "day18", "day18\day18.vcxproj", "{F2AB5DC0-7E8F-4945-8472-45711AB89D13}"
EndProject
Project("{8BC9CEB8-8B4A-11D0-8D11-00A0C91BC942}") = "day20", "day20\day20.vcxproj", "{DE90278F-A56B-4970-B624-51CC29A9AB9B}"
EndProject
Project("{8BC9CEB8-8B4A-11D0-8D11-00A0C91BC942}") = "day21", "day21\day21.vcxproj", "{BE53EFB5-A29D-4759-92EE-B577B3B84AE6}"
EndProject
Project("{8BC9CEB8-8B4A-11D0-8D11-00A0C91BC942}") = "day22", "day22\day22.vcxproj", "{69DF1CED-8098-4A3B-AFF9-4CA6525E4056}"
EndProject
Project("{8BC9CEB8-8B4A-11D0-8D11-00A0C91BC942}") = "day23", "day23\day23.vcxproj", "{29F636F4-AA1E-4326-98AC-970A45A93942}"
EndProject
Project("{8BC9CEB8-8B4A-11D0-8D11-00A0C91BC942}") = "day24", "day24\day24.vcxproj", "{C0285B0F-0554-43AF-B59E-4E16FAE5EF76}"
EndProject
Project("{8BC9CEB8-8B4A-11D0-8D11-00A0C91BC942}") = "day25", "day25\day25.vcxproj", "{296DFE42-E6C6-435E-B3CB-5BF05840D5F4}"
EndProject
Global
	GlobalSection(SolutionConfigurationPlatforms) = preSolution
		Debug|x64 = Debug|x64
		Debug|x86 = Debug|x86
		Release|x64 = Release|x64
		Release|x86 = Release|x86
	EndGlobalSection
	GlobalSection(ProjectConfigurationPlatforms) = postSolution
		{97D08B68-114D-4DD7-BEC7-F1FA04C02DAC}.Debug|x64.ActiveCfg = Debug|x64
		{97D08B68-114D-4DD7-BEC7-F1FA04C02DAC}.Debug|x64.Build.0 = Debug|x64
		{97D08B68-114D-4DD7-BEC7-F1FA04C02DAC}.Debug|x86.ActiveCfg = Debug|Win32
		{97D08B68-114D-4DD7-BEC7-F1FA04C02DAC}.Debug|x86.Build.0 = Debug|Win32
		{97D08B68-114D-4DD7-BEC7-F1FA04C02DAC}.Release|x64.ActiveCfg = Release|x64
		{97D08B68-114D-4DD7-BEC7-F1FA04C02DAC}.Release|x64.Build.0 = Release|x64
		{97D08B68-114D-4DD7-BEC7-F1FA04C02DAC}.Release|x86.ActiveCfg = Release|Win32
		{97D08B68-114D-4DD7-BEC7-F1FA04C02DAC}.Release|x86.Build.0 = Release|Win32
		{598144E7-7429-4453-9793-FD258DAA65A2}.Debug|x64.ActiveCfg = Debug|x64
		{598144E7-7429-4453-9793-FD258DAA65A2}.Debug|x64.Build.0 = Debug|x64
		{598144E7-7429-4453-9793-FD258DAA65A2}.Debug|x86.ActiveCfg = Debug|Win32
		{598144E7-7429-4453-9793-FD258DAA65A2}.Debug|x86.Build.0 = Debug|Win32
		{598144E7-7429-4453-9793-FD258DAA65A2}.Release|x64.ActiveCfg = Release|x64
		{598144E7-7429-4453-9793-FD258DAA65A2}.Release|x64.Build.0 = Release|x64
		{598144E7-7429-4453-9793-FD258DAA65A2}.Release|x86.ActiveCfg = Release|Win32
		{598144E7-7429-4453-9793-FD258DAA65A2}.Release|x86.Build.0 = Release|Win32
		{D6D571CC-D549-40C3-985D-C2B2506BA187}.Debug|x64.ActiveCfg = Debug|x64
		{D6D571CC-D549-40C3-985D-C2B2506BA187}.Debug|x64.Build.0 = Debug|x64
		{D6D571CC-D549-40C3-985D-C2B2506BA187}.Debug|x86.ActiveCfg = Debug|Win32
		{D6D571CC-D549-40C3-985D-C2B2506BA187}.Debug|x86.Build.0 = Debug|Win32
		{D6D571CC-D549-40C3-985D-C2B2506BA187}.Release|x64.ActiveCfg = Release|x64
		{D6D571CC-D549-40C3-985D-C2B2506BA187}.Release|x64.Build.0 = Release|x64
		{D6D571CC-D549-40C3-985D-C2B2506BA187}.Release|x86.ActiveCfg = Release|Win32
		{D6D571CC-D549-40C3-985D-C2B2506BA187}.Release|x86.Build.0 = Release|Win32
		{3776E065-C0C3-440F-8263-19A939733071}.Debug|x64.ActiveCfg = Debug|x64
		{3776E065-C0C3-440F-8263-19A939733071}.Debug|x64.Build.0 = Debug|x64
		{3776E065-C0C3-440F-8263-19A939733071}.Debug|x86.ActiveCfg = Debug|Win32
		{3776E065-C0C3-440F-8263-19A939733071}.Debug|x86.Build.0 = Debug|Win32
		{3776E065-C0C3-440F-8263-19A939733071}.Release|x64.ActiveCfg = Release|x64
		{3776E065-C0C3-440F-8263-19A939733071}.Release|x64.Build.0 = Release|x64
		{3776E065-C0C3-440F-8263-19A939733071}.Release|x86.ActiveCfg = Release|Win32
		{3776E065-C0C3-440F-8263-19A939733071}.Release|x86.Build.0 = Release|Win32
		{A000EE5A-EE96-478E-A6E1-525977D88E2A}.Debug|x64.ActiveCfg = Debug|x64
		{A000EE5A-EE96-478E-A6E1-525977D88E2A}.Debug|x64.Build.0 = Debug|x64
		{A000EE5A-EE96-478E-A6E1-525977D88E2A}.Debug|x86.ActiveCfg = Debug|Win32
		{A000EE5A-EE96-478E-A6E1-525977D88E2A}.Debug|x86.Build.0 = Debug|Win32
		{A000EE5A-EE96-478E-A6E1-525977D88E2A}.Release|x64.ActiveCfg = Release|x64
		{A000EE5A-EE96-478E-A6E1-525977D88E2A}.Release|x64.Build.0 = Release|x64
		{A000EE5A-EE96-478E-A6E1-525977D88E2A}.Release|x86.ActiveCfg = Release|Win32
		{A000EE5A-EE96-478E-A6E1-525977D88E2A}.Release|x86.Build.0 = Release|Win32
		{B1632FC7-0675-4185-90B8-441D6E744B23}.Debug|x64.ActiveCfg = Debug|x64
		{B1632FC7-0675-4185-90B8-441D6E744B23}.Debug|x64.Build.0 = Debug|x64
		{B1632FC7-0675-4185-90B8-441D6E744B23}.Debug|x86.ActiveCfg = Debug|Win32
		{B1632FC7-0675-4185-90B8-441D6E744B23}.Debug|x86.Build.0 = Debug|Win32
		{B1632FC7-0675-4185-90B8-441D6E744B23}.Release|x64.ActiveCfg = Release|x64
		{B1632FC7-0675-4185-90B8-441D6E744B23}.Release|x64.Build.0 = Release|x64
		{B1632FC7-0675-4185-90B8-441D6E744B23}.Release|x86.ActiveCfg = Release|Win32
		{B1632FC7-0675-4185-90B8-441D6E744B23}.Release|x86.Build.0 = Release|Win32
		{BFB1D7BF-B8AB-4908-8E43-97A85B9A119E}.Debug|x64.ActiveCfg = Debug|x64
		{BFB1D7BF-B8AB-4908-8E43-97A85B9A119E}.Debug|x64.Build.0 = Debug|x64
		{BFB1D7BF-B8AB-4908-8E43-97A85B9A119E}.Debug|x86.ActiveCfg = Debug|Win32
		{BFB1D7BF-B8AB-4908-8E43-97A85B9A119E}.Debug|x86.Build.0 = Debug|Win32
		{BFB1D7BF-B8AB-4908-8E43-97A85B9A119E}.Release|x64.ActiveCfg = Release|x64
		{BFB1D7BF-B8AB-4908-8E43-97A85B9A119E}.Release|x64.Build.0 = Release|x64
		{BFB1D7BF-B8AB-4908-8E43-97A85B9A119E}.Release|x86.ActiveCfg = Release|Win32
		{BFB1D7BF-B8AB-4908-8E43-97A85B9A119E}.Release|x86.Build.0 = Release|Win32
		{DA5B6781-C601-41F0-A031-6A2994553F95}.Debug|x64.ActiveCfg = Debug|x64
		{DA5B6781-C601-41F0-A031-6A2994553F95}.Debug|x64.Build.0 = Debug|x64
		{DA5B6781-C601-41F0-A031-6A2994553F95}.Debug|x86.ActiveCfg = Debug|Win32
		{DA5B6781-C601-41F0-A031-6A2994553F95}.Debug|x86.Build.0 = Debug|Win32
		{DA5B6781-C601-41F0-A031-6A2994553F95}.Release|x64.ActiveCfg = Release|x64
		{DA5B6781-C601-41F0-A031-6A2994553F95}.Release|x64.Build.0 = Release|x64
		{DA5B6781-C601-41F0-A031-6A2994553F95}.Release|x86.ActiveCfg = Release|Win32
		{DA5B6781-C601-41F0-A031-6A2994553F95}.Release|x86.Build.0 = Release|Win32
		{4D7BFA9E-8D19-440A-9C7E-3E4F8650421A}.Debug|x64.ActiveCfg = Debug|x64
		{4D7BFA9E-8D19-440A-9C7E-3E4F8650421A}.Debug|x64.Build.0 = Debug|x64
		{4D7BFA9E-8D19-440A-9C7E-3E4F8650421A}.Debug|x86.ActiveCfg = Debug|Win32
		{4D7BFA9E-8D19-440A-9C7E-3E4F8650421A}.Debug|x86.Build.0 = Debug|Win32
		{4D7BFA9E-8D19-440A-9C7E-3E4F8650421A}.Release|x64.ActiveCfg = Release|x64
		{4D7BFA9E-8D19-440A-9C7E-3E4F8650421A}.Release|x64.Build.0 = Release|x64
		{4D7BFA9E-8D19-440A-9C7E-3E4F8650421A}.Release|x86.ActiveCfg = Release|Win32
		{4D7BFA9E-8D19-440A-9C7E-3E4F8650421A}.Release|x86.Build.0 = Release|Win32
		{5A2B24CE-46EC-4FAB-8C9E-1C79D56C9FC9}.Debug|x64.ActiveCfg = Debug|x64
		{5A2B24CE-46EC-4FAB-8C9E-1C79D56C9FC9}.Debug|x64.Build.0 = Debug|x64
		{5A2B24CE-46EC-4FAB-8C9E-1C79D56C9FC9}.Debug|x86.ActiveCfg = Debug|Win32
		{5A2B24CE-46EC-4FAB-8C9E-1C79D56C9FC9}.Debug|x86.Build.0 = Debug|Win32
		{5A2B24CE-46EC-4FAB-8C9E-1C79D56C9FC9}.Release|x64.ActiveCfg = Release|x64
		{5A2B24CE-46EC-4FAB-8C9E-1C79D56C9FC9}.Release|x64.Build.0 = Release|x64
		{5A2B24CE-46EC-4FAB-8C9E-1C79D56C9FC9}.Release|x86.ActiveCfg = Release|Win32
		{5A2B24CE-46EC-4FAB-8C9E-1C79D56C9FC9}.Release|x86.Build.0 = Release|Win32
		{80B2AE72-28D2-4611-AC82-C4C4C5653920}.Debug|x64.ActiveCfg = Debug|x64
		{80B2AE72-28D2-4611-AC82-C4C4C5653920}.Debug|x64.Build.0 = Debug|x64
		{80B2AE72-28D2-4611-AC82-C4C4C5653920}.Debug|x86.ActiveCfg = Debug|Win32
		{80B2AE72-28D2-4611-AC82-C4C4C5653920}.Debug|x86.Build.0 = Debug|Win32
		{80B2AE72-28D2-4611-AC82-C4C4C5653920}.Release|x64.ActiveCfg = Release|x64
		{80B2AE72-28D2-4611-AC82-C4C4C5653920}.Release|x64.Build.0 = Release|x64
		{80B2AE72-28D2-4611-AC82-C4C4C5653920}.Release|x86.ActiveCfg = Release|Win32
		{80B2AE72-28D2-4611-AC82-C4C4C5653920}.Release|x86.Build.0 = Release|Win32
		{3EA20189-AF5E-4EE1-B24D-BBC2F2496B81}.Debug|x64.ActiveCfg = Debug|x64
		{3EA20189-AF5E-4EE1-B24D-BBC2F2496B81}.Debug|x64.Build.0 = Debug|x64
		{3EA20189-AF5E-4EE1-B24D-BBC2F2496B81}.Debug|x86.ActiveCfg = Debug|Win32
		{3EA20189-AF5E-4EE1-B24D-BBC2F2496B81}.Debug|x86.Build.0 = Debug|Win32
		{3EA20189-AF5E-4EE1-B24D-BBC2F2496B81}.Release|x64.ActiveCfg = Release|x64
		{3EA20189-AF5E-4EE1-B24D-BBC2F2496B81}.Release|x64.Build.0 = Release|x64
		{3EA20189-AF5E-4EE1-B24D-BBC2F2496B81}.Release|x86.ActiveCfg = Release|Win32
		{3EA20189-AF5E-4EE1-B24D-BBC2F2496B81}.Release|x86.Build.0 = Release|Win32
		{54675FEF-AFF2-4641-9D5B-92722D561287}.Debug|x64.ActiveCfg = Debug|x64
		{54675FEF-AFF2-4641-9D5B-92722D561287}.Debug|x64.Build.0 = Debug|x64
		{54675FEF-AFF2-4641-9D5B-92722D561287}.Debug|x86.ActiveCfg = Debug|Win32
		{54675FEF-AFF2-4641-9D5B-92722D561287}.Debug|x86.Build.0 = Debug|Win32
		{54675FEF-AFF2-4641-9D5B-92722D561287}.Release|x64.ActiveCfg = Release|x64
		{54675FEF-AFF2-4641-9D5B-92722D561287}.Release|x64.Build.0 = Release|x64
		{54675FEF-AFF2-4641-9D5B-92722D561287}.Release|x86.ActiveCfg = Release|Win32
		{54675FEF-AFF2-4641-9D5B-92722D561287}.Release|x86.Build.0 = Release|Win32
		{5B99F5D3-D3C2-4111-88C3-98B953383B43}.Debug|x64.ActiveCfg = Debug|x64
		{5B99F5D3-D3C2-4111-88C3-98B953383B43}.Debug|x64.Build.0 = Debug|x64
		{5B99F5D3-D3C2-4111-88C3-98B953383B43}.Debug|x86.ActiveCfg = Debug|Win32
		{5B99F5D3-D3C2-4111-88C3-98B953383B43}.Debug|x86.Build.0 = Debug|Win32
		{5B99F5D3-D3C2-4111-88C3-98B953383B43}.Release|x64.ActiveCfg = Release|x64
		{5B99F5D3-D3C2-4111-88C3-98B953383B43}.Release|x64.Build.0 = Release|x64
		{5B99F5D3-D3C2-4111-88C3-98B953383B43}.Release|x86.ActiveCfg = Release|Win32
		{5B99F5D3-D3C2-4111-88C3-98B953383B43}.Release|x86.Build.0 = Release|Win32
		{A0073712-C02F-4FB6-8450-AAC79F2901BA}.Debug|x64.ActiveCfg = Debug|x64
		{A0073712-C02F-4FB6-8450-AAC79F2901BA}.Debug|x64.Build.0 = Debug|x64
		{A0073712-C02F-4FB6-8450-AAC79F2901BA}.Debug|x86.ActiveCfg = Debug|Win32
		{A0073712-C02F-4FB6-8450-AAC79F2901BA}.Debug|x86.Build.0 = Debug|Win32
		{A0073712-C02F-4FB6-8450-AAC79F2901BA}.Release|x64.ActiveCfg = Release|x64
		{A0073712-C02F-4FB6-8450-AAC79F2901BA}.Release|x64.Build.0 = Release|x64
		{A0073712-C02F-4FB6-8450-AAC79F2901BA}.Release|x86.ActiveCfg = Release|Win32
		{A0073712-C02F-4FB6-8450-AAC79F2901BA}.Release|x86.Build.0 = Release|Win32
		{E059E7E4-D837-443E-8119-D36F7303E099}.Debug|x64.ActiveCfg = Debug|x64
		{E059E7E4-D837-443E-8119-D36F7303E099}.Debug|x64.Build.0 = Debug|x64
		{E059E7E4-D837-443E-8119-D36F7303E099}.Debug|x86.ActiveCfg = Debug|Win32
		{E059E7E4-D837-443E-8119-D36F7303E099}.Debug|x86.Build.0 = Debug|Win32
		{E059E7E4-D837-443E-8119-D36F7303E099}.Release|x64.ActiveCfg = Release|x64
		{E059E7E4-D837-443E-8119-D36F7303E099}.Release|x64.Build.0 = Release|x64
		{E059E7E4-D837-443E-8119-D36F7303E099}.Release|x86.ActiveCfg = Release|Win32
		{E059E7E4-D837-443E-8119-D36F7303E099}.Release|x86.Build.0 = Release|Win32
		{AE0E36CC-2BFA-4D8F-9BCD-5972AD4222D2}.Debug|x64.ActiveCfg = Debug|x64
		{AE0E36CC-2BFA-4D8F-9BCD-5972AD4222D2}.Debug|x64.Build.0 = Debug|x64
		{AE0E36CC-2BFA-4D8F-9BCD-5972AD4222D2}.Debug|x86.ActiveCfg = Debug|Win32
		{AE0E36CC-2BFA-4D8F-9BCD-5972AD4222D2}.Debug|x86.Build.0 = Debug|Win32
		{AE0E36CC-2BFA-4D8F-9BCD-5972AD4222D2}.Release|x64.ActiveCfg = Release|x64
		{AE0E36CC-2BFA-4D8F-9BCD-5972AD4222D2}.Release|x64.Build.0 = Release|x64
		{AE0E36CC-2BFA-4D8F-9BCD-5972AD4222D2}.Release|x86.ActiveCfg = Release|Win32
		{AE0E36CC-2BFA-4D8F-9BCD-5972AD4222D2}.Release|x86.Build.0 = Release|Win32
		{50193455-AF51-4A89-9B9E-0A431B3E0A2D}.Debug|x64.ActiveCfg = Debug|x64
		{50193455-AF51-4A89-9B9E-0A431B3E0A2D}.Debug|x64.Build.0 = Debug|x64
		{50193455-AF51-4A89-9B9E-0A431B3E0A2D}.Debug|x86.ActiveCfg = Debug|Win32
		{50193455-AF51-4A89-9B9E-0A431B3E0A2D}.Debug|x86.Build.0 = Debug|Win32
		{50193455-AF51-4A89-9B9E-0A431B3E0A2D}.Release|x64.ActiveCfg = Release|x64
		{50193455-AF51-4A89-9B9E-0A431B3E0A2D}.Release|x64.Build.0 = Release|x64
		{50193455-AF51-4A89-9B9E-0A431B3E0A2D}.Release|x86.ActiveCfg = Release|Win32
		{50193455-AF51-4A89-9B9E-0A431B3E0A2D}.Release|x86.Build.0 = Release|Win32
		{F2AB5DC0-7E8F-4945-8472-45711AB89D13}.Debug|x64.ActiveCfg = Debug|x64
		{F2AB5DC0-7E8F-4945-8472-45711AB89D13}.Debug|x64.Build.0 = Debug|x64
		{F2AB5DC0-7E8F-4945-8472-45711AB89D13}.Debug|x86.ActiveCfg = Debug|Win32
		{F2AB5DC0-7E8F-4945-8472-45711AB89D13}.Debug|x86.Build.0 = Debug|Win32
		{F2AB5DC0-7E8F-4945-8472-45711AB89D13}.Release|x64.ActiveCfg = Release|x64
		{F2AB5DC0-7E8F-4945-8472-45711AB89D13}.Release|x64.Build.0 = Release|x64
		{F2AB5DC0-7E8F-4945-8472-45711AB89D13}.Release|x86.ActiveCfg = Release|Win32
		{F2AB5DC0-7E8F-4945-8472-45711AB89D13}.Release|x86.Build.0 = Release|Win32
		{DE90278F-A56B-4970-B624-51CC29A9AB9B}.Debug|x64.ActiveCfg = Debug|x64
		{DE90278F-A56B-4970-B624-51CC29A9AB9B}.Debug|x64.Build.0 = Debug|x64
		{DE90278F-A56B-4970-B624-51CC29A9AB9B}.Debug|x86.ActiveCfg = Debug|Win32
		{DE90278F-A56B-4970-B624-51CC29A9AB9B}.Debug|x86.Build.0 = Debug|Win32
		{DE90278F-A56B-4970-B624-51CC29A9AB9B}.Release|x64.ActiveCfg = Release|x64
		{DE90278F-A56B-4970-B624-51CC29A9AB9B}.Release|x64.Build.0 = Release|x64
		{DE90278F-A56B-4970-B624-51CC29A9AB9B}.Release|x86.ActiveCfg = Release|Win32
		{DE90278F-A56B-4970-B624-51CC29A9AB9B}.Release|x86.Build.0 = Release|Win32
		{BE53EFB5-A29D-4759-92EE-B577B3B84AE6}.Debug|x64.ActiveCfg = Debug|x64
		{BE53EFB5-A29D-4759-92EE-B577B3B84AE6}.Debug|x64.Build.0 = Debug|x64
		{BE53EFB5-A29D-4759-92EE-B577B3B84AE6}.Debug|x86.ActiveCfg = Debug|Win32
		{BE53EFB5-A29D-4759-92EE-B577B3B84AE6}.Debug|x86.Build.0 = Debug|Win32
		{BE53EFB5-A29D-4759-92EE-B577B3B84AE6}.Release|x64.ActiveCfg = Release|x64
		{BE53EFB5-A29D-4759-92EE-B577B3B84AE6}.Release|x64.Build.0 = Release|x64
		{BE53EFB5-A29D-4759-92EE-B577B3B84AE6}.Release|x86.ActiveCfg = Release|Win32
		{BE53EFB5-A29D-4759-92EE-B577B3B84AE6}.Release|x86.Build.0 = Release|Win32
		{69DF1CED-8098-4A3B-AFF9-4CA6525E4056}.Debug|x64.ActiveCfg = Debug|x64
		{69DF1CED-8098-4A3B-AFF9-4CA6525E4056}.Debug|x64.Build.0 = Debug|x64
		{69DF1CED-8098-4A3B-AFF9-4CA6525E4056}.Debug|x86.ActiveCfg = Debug|Win32
		{69DF1CED-8098-4A3B-AFF9-4CA6525E4056}.Debug|x86.Build.0 = Debug|Win32
		{69DF1CED-8098-4A3B-AFF9-4CA6525E4056}.Release|x64.ActiveCfg = Release|x64
		{69DF1CED-8098-4A3B-AFF9-4CA6525E4056}.Release|x64.Build.0 = Release|x64
		{69DF1CED-8098-4A3B-AFF9-4CA6525E4056}.Release|x86.ActiveCfg = Release|Win32
		{69DF1CED-8098-4A3B-AFF9-4CA6525E4056}.Release|x86.Build.0 = Release|Win32
		{29F636F4-AA1E-4326-98AC-970A45A93942}.Debug|x64.ActiveCfg = Debug|x64
		{29F636F4-AA1E-4326-98AC-970A45A93942}.Debug|x64.Build.0 = Debug|x64
		{29F636F4-AA1E-4326-98AC-970A45A93942}.Debug|x86.ActiveCfg = Debug|Win32
		{29F636F4-AA1E-4326-98AC-970A45A93942}.Debug|x86.Build.0 = Debug|Win32
		{29F636F4-AA1E-4326-98AC-970A45A93942}.Release|x64.ActiveCfg = Release|x64
		{29F636F4-AA1E-4326-98AC-970A45A93942}.Release|x64.Build.0 = Release|x64
		{29F636F4-AA1E-4326-98AC-970A45A93942}.Release|x86.ActiveCfg = Release|Win32
		{29F636F4-AA1E-4326-98AC-970A45A93942}.Release|x86.Build.0 = Release|Win32
		{C0285B0F-0554-43AF-B59E-4E16FAE5EF76}.Debug|x64.ActiveCfg = Debug|x64
		{C0285B0F-0554-43AF-B59E-4E16FAE5EF76}.Debug|x64.Build.0 = Debug|x64
		{C0285B0F-0554-43AF-B59E-4E16FAE5EF76}.Debug|x86.ActiveCfg = Debug|Win32
		{C0285B0F-0554-43AF-B59E-4E16FAE5EF76}.Debug|x86.Build.0 = Debug|Win32
		{C0285B0F-0554-43AF-B59E-4E16FAE5EF76}.Release|x64.ActiveCfg = Release|x64
		{C0285B0F-0554-43AF-B59E-4E16FAE5EF76}.Release|x64.Build.0 = Release|x64
		{C0285B0F-0554-43AF-B59E-4E16FAE5EF76}.Release|x86.ActiveCfg = Release|Win32
		{C0285B0F-0554-43AF-B59E-4E16FAE5EF76}.Release|x86.Build.0 = Release|Win32
		{296DFE42-E6C6-435E-B3CB-5BF05840D5F4}.Debug|x64.ActiveCfg = Debug|x64
		{296DFE42-E6C6-435E-B3CB-5BF05840D5F4}.Debug|x64.Build.0 = Debug|x64
		{296DFE42-E6C6-435E-B3CB-5BF05840D5F4}.Debug|x86.ActiveCfg = Debug|Win32
		{296DFE42-E6C6-435E-B3CB-5BF05840D5F4}.Debug|x86.Build.0 = Debug|Win32
		{296DFE42-E6C6-435E-B3CB-5BF05840D5F4}.Release|x64.ActiveCfg = Release|x64
		{296DFE42-E6C6-435E-B3CB-5BF05840D5F4}.Release|x64.Build.0 = Release|x64
		{296DFE42-E6C6-435E-B3CB-5BF05840D5F4}.Release|x86.ActiveCfg = Release|Win32
		{296DFE42-E6C6-435E-B3CB-5BF05840D5F4}.Release|x86.Build.0 = Release|Win32
	EndGlobalSection
	GlobalSection(SolutionProperties) = preSolution
		HideSolutionNode = FALSE
	EndGlobalSection
	GlobalSection(ExtensibilityGlobals) = postSolution
		SolutionGuid = {6005B106-3CBC-415D-A3D1-680F4A9E2667}
	EndGlobalSection
EndGlobal
